// !$*UTF8*$!
{
	archiveVersion = 1;
	classes = {
	};
	objectVersion = 46;
	objects = {

/* Begin PBXBuildFile section */
		840E59811B6BFBF4007ACB57 /* main.m in Sources */ = {isa = PBXBuildFile; fileRef = 840E59801B6BFBF4007ACB57 /* main.m */; };
		840E59841B6BFBF4007ACB57 /* MGAppDelegate.m in Sources */ = {isa = PBXBuildFile; fileRef = 840E59831B6BFBF4007ACB57 /* MGAppDelegate.m */; };
		840E598A1B6BFBF4007ACB57 /* Main.storyboard in Resources */ = {isa = PBXBuildFile; fileRef = 840E59881B6BFBF4007ACB57 /* Main.storyboard */; };
		840E598C1B6BFBF4007ACB57 /* Images.xcassets in Resources */ = {isa = PBXBuildFile; fileRef = 840E598B1B6BFBF4007ACB57 /* Images.xcassets */; };
		840E598F1B6BFBF4007ACB57 /* LaunchScreen.xib in Resources */ = {isa = PBXBuildFile; fileRef = 840E598D1B6BFBF4007ACB57 /* LaunchScreen.xib */; };
		840E599B1B6BFBF4007ACB57 /* TableViewTestTests.m in Sources */ = {isa = PBXBuildFile; fileRef = 840E599A1B6BFBF4007ACB57 /* TableViewTestTests.m */; };
		840E59A61B6BFD5A007ACB57 /* MGMusicalGroupsViewController.m in Sources */ = {isa = PBXBuildFile; fileRef = 840E59A51B6BFD5A007ACB57 /* MGMusicalGroupsViewController.m */; };
		840E59AC1B6C0C77007ACB57 /* MGMusicalGroup.m in Sources */ = {isa = PBXBuildFile; fileRef = 840E59AB1B6C0C77007ACB57 /* MGMusicalGroup.m */; };
		841D173F1B7C92F500285D05 /* MGMusicalGroupTableCell.m in Sources */ = {isa = PBXBuildFile; fileRef = 841D173D1B7C92F500285D05 /* MGMusicalGroupTableCell.m */; };
		841D17401B7C92F500285D05 /* MGMusicalGroupTableCell.xib in Resources */ = {isa = PBXBuildFile; fileRef = 841D173E1B7C92F500285D05 /* MGMusicalGroupTableCell.xib */; };
		841D17451B7C939C00285D05 /* MGMusicalGroupManager.m in Sources */ = {isa = PBXBuildFile; fileRef = 841D17441B7C939C00285D05 /* MGMusicalGroupManager.m */; };
		841D17481B7C956D00285D05 /* theBeatles.jpg in Resources */ = {isa = PBXBuildFile; fileRef = 841D17461B7C956D00285D05 /* theBeatles.jpg */; };
		841D17491B7C956D00285D05 /* DDT.jpg in Resources */ = {isa = PBXBuildFile; fileRef = 841D17471B7C956D00285D05 /* DDT.jpg */; };
		841D174D1B7C964200285D05 /* .gitignore in Resources */ = {isa = PBXBuildFile; fileRef = 841D174B1B7C964200285D05 /* .gitignore */; };
		841D174E1B7C964200285D05 /* TemplateIcon2x.png in Resources */ = {isa = PBXBuildFile; fileRef = 841D174C1B7C964200285D05 /* TemplateIcon2x.png */; };
		849C4D671B6CCBF000D16390 /* BonJovi.jpg in Resources */ = {isa = PBXBuildFile; fileRef = 849C4D5D1B6CCBF000D16390 /* BonJovi.jpg */; };
		849C4D681B6CCBF000D16390 /* Queen.jpg in Resources */ = {isa = PBXBuildFile; fileRef = 849C4D5E1B6CCBF000D16390 /* Queen.jpg */; };
		849C4D691B6CCBF000D16390 /* Kino.jpg in Resources */ = {isa = PBXBuildFile; fileRef = 849C4D5F1B6CCBF000D16390 /* Kino.jpg */; };
		849C4D6A1B6CCBF000D16390 /* MashinaVremeni.jpg in Resources */ = {isa = PBXBuildFile; fileRef = 849C4D601B6CCBF000D16390 /* MashinaVremeni.jpg */; };
		849C4D6B1B6CCBF000D16390 /* Nautilus.jpg in Resources */ = {isa = PBXBuildFile; fileRef = 849C4D611B6CCBF000D16390 /* Nautilus.jpg */; };
		849C4D6C1B6CCBF000D16390 /* OE.jpg in Resources */ = {isa = PBXBuildFile; fileRef = 849C4D621B6CCBF000D16390 /* OE.jpg */; };
		849C4D6D1B6CCBF000D16390 /* PinkFloyd.jpg in Resources */ = {isa = PBXBuildFile; fileRef = 849C4D631B6CCBF000D16390 /* PinkFloyd.jpg */; };
		849C4D6E1B6CCBF000D16390 /* Scorpions.jpg in Resources */ = {isa = PBXBuildFile; fileRef = 849C4D641B6CCBF000D16390 /* Scorpions.jpg */; };
		9C9480BE1B9B9DDC00A7864C /* MGContainerViewController.m in Sources */ = {isa = PBXBuildFile; fileRef = 9C9480BD1B9B9DDC00A7864C /* MGContainerViewController.m */; };
		9C9480C11B9B9E2800A7864C /* MGCreateNewGroupViewController.m in Sources */ = {isa = PBXBuildFile; fileRef = 9C9480C01B9B9E2800A7864C /* MGCreateNewGroupViewController.m */; };
		9C9480C51B9BA09200A7864C /* MGMusicalGroupCollectionCell.m in Sources */ = {isa = PBXBuildFile; fileRef = 9C9480C31B9BA09200A7864C /* MGMusicalGroupCollectionCell.m */; };
		9C9480C61B9BA09200A7864C /* MGMusicalGroupCollectionCell.xib in Resources */ = {isa = PBXBuildFile; fileRef = 9C9480C41B9BA09200A7864C /* MGMusicalGroupCollectionCell.xib */; };
		9C9480D01B9BB18600A7864C /* MusicalGroup.plist in Resources */ = {isa = PBXBuildFile; fileRef = 9C9480CF1B9BB18600A7864C /* MusicalGroup.plist */; };
/* End PBXBuildFile section */

/* Begin PBXContainerItemProxy section */
		840E59951B6BFBF4007ACB57 /* PBXContainerItemProxy */ = {
			isa = PBXContainerItemProxy;
			containerPortal = 840E59731B6BFBF4007ACB57 /* Project object */;
			proxyType = 1;
			remoteGlobalIDString = 840E597A1B6BFBF4007ACB57;
			remoteInfo = TableViewTest;
		};
		841D17411B7C937100285D05 /* PBXContainerItemProxy */ = {
			isa = PBXContainerItemProxy;
			containerPortal = 840E59731B6BFBF4007ACB57 /* Project object */;
			proxyType = 1;
			remoteGlobalIDString = 840E597A1B6BFBF4007ACB57;
			remoteInfo = MusicalGroups;
		};
/* End PBXContainerItemProxy section */

/* Begin PBXFileReference section */
		840E597B1B6BFBF4007ACB57 /* MusicalGroups.app */ = {isa = PBXFileReference; explicitFileType = wrapper.application; includeInIndex = 0; path = MusicalGroups.app; sourceTree = BUILT_PRODUCTS_DIR; };
		840E597F1B6BFBF4007ACB57 /* Info.plist */ = {isa = PBXFileReference; lastKnownFileType = text.plist.xml; path = Info.plist; sourceTree = "<group>"; };
		840E59801B6BFBF4007ACB57 /* main.m */ = {isa = PBXFileReference; lastKnownFileType = sourcecode.c.objc; path = main.m; sourceTree = "<group>"; };
		840E59821B6BFBF4007ACB57 /* MGAppDelegate.h */ = {isa = PBXFileReference; lastKnownFileType = sourcecode.c.h; path = MGAppDelegate.h; sourceTree = "<group>"; };
		840E59831B6BFBF4007ACB57 /* MGAppDelegate.m */ = {isa = PBXFileReference; lastKnownFileType = sourcecode.c.objc; path = MGAppDelegate.m; sourceTree = "<group>"; };
		840E59891B6BFBF4007ACB57 /* Base */ = {isa = PBXFileReference; lastKnownFileType = file.storyboard; name = Base; path = Base.lproj/Main.storyboard; sourceTree = "<group>"; };
		840E598B1B6BFBF4007ACB57 /* Images.xcassets */ = {isa = PBXFileReference; lastKnownFileType = folder.assetcatalog; path = Images.xcassets; sourceTree = "<group>"; };
		840E598E1B6BFBF4007ACB57 /* Base */ = {isa = PBXFileReference; lastKnownFileType = file.xib; name = Base; path = Base.lproj/LaunchScreen.xib; sourceTree = "<group>"; };
		840E59941B6BFBF4007ACB57 /* MusicalGroupsTests.xctest */ = {isa = PBXFileReference; explicitFileType = wrapper.cfbundle; includeInIndex = 0; path = MusicalGroupsTests.xctest; sourceTree = BUILT_PRODUCTS_DIR; };
		840E59991B6BFBF4007ACB57 /* Info.plist */ = {isa = PBXFileReference; lastKnownFileType = text.plist.xml; path = Info.plist; sourceTree = "<group>"; };
		840E599A1B6BFBF4007ACB57 /* TableViewTestTests.m */ = {isa = PBXFileReference; lastKnownFileType = sourcecode.c.objc; path = TableViewTestTests.m; sourceTree = "<group>"; };
		840E59A41B6BFD5A007ACB57 /* MGMusicalGroupsViewController.h */ = {isa = PBXFileReference; fileEncoding = 4; lastKnownFileType = sourcecode.c.h; path = MGMusicalGroupsViewController.h; sourceTree = "<group>"; };
		840E59A51B6BFD5A007ACB57 /* MGMusicalGroupsViewController.m */ = {isa = PBXFileReference; fileEncoding = 4; lastKnownFileType = sourcecode.c.objc; path = MGMusicalGroupsViewController.m; sourceTree = "<group>"; };
		840E59AA1B6C0C77007ACB57 /* MGMusicalGroup.h */ = {isa = PBXFileReference; fileEncoding = 4; lastKnownFileType = sourcecode.c.h; path = MGMusicalGroup.h; sourceTree = "<group>"; };
		840E59AB1B6C0C77007ACB57 /* MGMusicalGroup.m */ = {isa = PBXFileReference; fileEncoding = 4; lastKnownFileType = sourcecode.c.objc; path = MGMusicalGroup.m; sourceTree = "<group>"; };
		841D173C1B7C92F500285D05 /* MGMusicalGroupTableCell.h */ = {isa = PBXFileReference; fileEncoding = 4; lastKnownFileType = sourcecode.c.h; path = MGMusicalGroupTableCell.h; sourceTree = "<group>"; };
		841D173D1B7C92F500285D05 /* MGMusicalGroupTableCell.m */ = {isa = PBXFileReference; fileEncoding = 4; lastKnownFileType = sourcecode.c.objc; path = MGMusicalGroupTableCell.m; sourceTree = "<group>"; };
		841D173E1B7C92F500285D05 /* MGMusicalGroupTableCell.xib */ = {isa = PBXFileReference; fileEncoding = 4; lastKnownFileType = file.xib; path = MGMusicalGroupTableCell.xib; sourceTree = "<group>"; };
		841D17431B7C939C00285D05 /* MGMusicalGroupManager.h */ = {isa = PBXFileReference; fileEncoding = 4; lastKnownFileType = sourcecode.c.h; path = MGMusicalGroupManager.h; sourceTree = "<group>"; };
		841D17441B7C939C00285D05 /* MGMusicalGroupManager.m */ = {isa = PBXFileReference; fileEncoding = 4; lastKnownFileType = sourcecode.c.objc; path = MGMusicalGroupManager.m; sourceTree = "<group>"; };
		841D17461B7C956D00285D05 /* theBeatles.jpg */ = {isa = PBXFileReference; lastKnownFileType = image.jpeg; path = theBeatles.jpg; sourceTree = "<group>"; };
		841D17471B7C956D00285D05 /* DDT.jpg */ = {isa = PBXFileReference; lastKnownFileType = image.jpeg; path = DDT.jpg; sourceTree = "<group>"; };
		841D174B1B7C964200285D05 /* .gitignore */ = {isa = PBXFileReference; fileEncoding = 4; lastKnownFileType = text; path = .gitignore; sourceTree = "<group>"; };
		841D174C1B7C964200285D05 /* TemplateIcon2x.png */ = {isa = PBXFileReference; lastKnownFileType = image.png; path = TemplateIcon2x.png; sourceTree = "<group>"; };
		849C4D5D1B6CCBF000D16390 /* BonJovi.jpg */ = {isa = PBXFileReference; lastKnownFileType = image.jpeg; path = BonJovi.jpg; sourceTree = "<group>"; };
		849C4D5E1B6CCBF000D16390 /* Queen.jpg */ = {isa = PBXFileReference; lastKnownFileType = image.jpeg; path = Queen.jpg; sourceTree = "<group>"; };
		849C4D5F1B6CCBF000D16390 /* Kino.jpg */ = {isa = PBXFileReference; lastKnownFileType = image.jpeg; path = Kino.jpg; sourceTree = "<group>"; };
		849C4D601B6CCBF000D16390 /* MashinaVremeni.jpg */ = {isa = PBXFileReference; lastKnownFileType = image.jpeg; path = MashinaVremeni.jpg; sourceTree = "<group>"; };
		849C4D611B6CCBF000D16390 /* Nautilus.jpg */ = {isa = PBXFileReference; lastKnownFileType = image.jpeg; path = Nautilus.jpg; sourceTree = "<group>"; };
		849C4D621B6CCBF000D16390 /* OE.jpg */ = {isa = PBXFileReference; lastKnownFileType = image.jpeg; path = OE.jpg; sourceTree = "<group>"; };
		849C4D631B6CCBF000D16390 /* PinkFloyd.jpg */ = {isa = PBXFileReference; lastKnownFileType = image.jpeg; path = PinkFloyd.jpg; sourceTree = "<group>"; };
		849C4D641B6CCBF000D16390 /* Scorpions.jpg */ = {isa = PBXFileReference; lastKnownFileType = image.jpeg; path = Scorpions.jpg; sourceTree = "<group>"; };
		9C9480BC1B9B9DDC00A7864C /* MGContainerViewController.h */ = {isa = PBXFileReference; fileEncoding = 4; lastKnownFileType = sourcecode.c.h; path = MGContainerViewController.h; sourceTree = "<group>"; };
		9C9480BD1B9B9DDC00A7864C /* MGContainerViewController.m */ = {isa = PBXFileReference; fileEncoding = 4; lastKnownFileType = sourcecode.c.objc; path = MGContainerViewController.m; sourceTree = "<group>"; };
		9C9480BF1B9B9E2800A7864C /* MGCreateNewGroupViewController.h */ = {isa = PBXFileReference; fileEncoding = 4; lastKnownFileType = sourcecode.c.h; path = MGCreateNewGroupViewController.h; sourceTree = "<group>"; };
		9C9480C01B9B9E2800A7864C /* MGCreateNewGroupViewController.m */ = {isa = PBXFileReference; fileEncoding = 4; lastKnownFileType = sourcecode.c.objc; path = MGCreateNewGroupViewController.m; sourceTree = "<group>"; };
		9C9480C21B9BA09200A7864C /* MGMusicalGroupCollectionCell.h */ = {isa = PBXFileReference; fileEncoding = 4; lastKnownFileType = sourcecode.c.h; path = MGMusicalGroupCollectionCell.h; sourceTree = "<group>"; };
		9C9480C31B9BA09200A7864C /* MGMusicalGroupCollectionCell.m */ = {isa = PBXFileReference; fileEncoding = 4; lastKnownFileType = sourcecode.c.objc; path = MGMusicalGroupCollectionCell.m; sourceTree = "<group>"; };
		9C9480C41B9BA09200A7864C /* MGMusicalGroupCollectionCell.xib */ = {isa = PBXFileReference; fileEncoding = 4; lastKnownFileType = file.xib; path = MGMusicalGroupCollectionCell.xib; sourceTree = "<group>"; };
		9C9480CF1B9BB18600A7864C /* MusicalGroup.plist */ = {isa = PBXFileReference; fileEncoding = 4; lastKnownFileType = text.plist.xml; path = MusicalGroup.plist; sourceTree = "<group>"; };
/* End PBXFileReference section */

/* Begin PBXFrameworksBuildPhase section */
		840E59781B6BFBF4007ACB57 /* Frameworks */ = {
			isa = PBXFrameworksBuildPhase;
			buildActionMask = 2147483647;
			files = (
			);
			runOnlyForDeploymentPostprocessing = 0;
		};
		840E59911B6BFBF4007ACB57 /* Frameworks */ = {
			isa = PBXFrameworksBuildPhase;
			buildActionMask = 2147483647;
			files = (
			);
			runOnlyForDeploymentPostprocessing = 0;
		};
/* End PBXFrameworksBuildPhase section */

/* Begin PBXGroup section */
		840E59721B6BFBF4007ACB57 = {
			isa = PBXGroup;
			children = (
				840E597D1B6BFBF4007ACB57 /* TableViewTest */,
				840E59971B6BFBF4007ACB57 /* TableViewTestTests */,
				840E597C1B6BFBF4007ACB57 /* Products */,
			);
			sourceTree = "<group>";
		};
		840E597C1B6BFBF4007ACB57 /* Products */ = {
			isa = PBXGroup;
			children = (
				840E597B1B6BFBF4007ACB57 /* MusicalGroups.app */,
				840E59941B6BFBF4007ACB57 /* MusicalGroupsTests.xctest */,
			);
			name = Products;
			sourceTree = "<group>";
		};
		840E597D1B6BFBF4007ACB57 /* TableViewTest */ = {
			isa = PBXGroup;
			children = (
				9C9480C71B9BAC7300A7864C /* Application */,
				841D17381B7C925500285D05 /* Modals */,
				841D17391B7C925D00285D05 /* ViewControllers */,
				9C9480C81B9BAD0100A7864C /* Storyboard */,
				840E598B1B6BFBF4007ACB57 /* Images.xcassets */,
				849C4D5A1B6CCBF000D16390 /* Images */,
				840E597E1B6BFBF4007ACB57 /* Supporting Files */,
			);
			path = TableViewTest;
			sourceTree = "<group>";
		};
		840E597E1B6BFBF4007ACB57 /* Supporting Files */ = {
			isa = PBXGroup;
			children = (
				840E597F1B6BFBF4007ACB57 /* Info.plist */,
				840E59801B6BFBF4007ACB57 /* main.m */,
				841D174B1B7C964200285D05 /* .gitignore */,
				841D174C1B7C964200285D05 /* TemplateIcon2x.png */,
			);
			name = "Supporting Files";
			sourceTree = "<group>";
		};
		840E59971B6BFBF4007ACB57 /* TableViewTestTests */ = {
			isa = PBXGroup;
			children = (
				840E599A1B6BFBF4007ACB57 /* TableViewTestTests.m */,
				840E59981B6BFBF4007ACB57 /* Supporting Files */,
			);
			path = TableViewTestTests;
			sourceTree = "<group>";
		};
		840E59981B6BFBF4007ACB57 /* Supporting Files */ = {
			isa = PBXGroup;
			children = (
				840E59991B6BFBF4007ACB57 /* Info.plist */,
			);
			name = "Supporting Files";
			sourceTree = "<group>";
		};
		841D17381B7C925500285D05 /* Modals */ = {
			isa = PBXGroup;
			children = (
				841D173A1B7C926B00285D05 /* MGMusicalGroup */,
				9C9480CB1B9BAE3600A7864C /* MGMusicalGroupManager */,
			);
			name = Modals;
			sourceTree = "<group>";
		};
		841D17391B7C925D00285D05 /* ViewControllers */ = {
			isa = PBXGroup;
			children = (
				841D173B1B7C92C800285D05 /* Cells */,
				841D174A1B7C95C600285D05 /* Controllers */,
			);
			name = ViewControllers;
			sourceTree = "<group>";
		};
		841D173A1B7C926B00285D05 /* MGMusicalGroup */ = {
			isa = PBXGroup;
			children = (
				840E59AA1B6C0C77007ACB57 /* MGMusicalGroup.h */,
				840E59AB1B6C0C77007ACB57 /* MGMusicalGroup.m */,
			);
			name = MGMusicalGroup;
			sourceTree = "<group>";
		};
		841D173B1B7C92C800285D05 /* Cells */ = {
			isa = PBXGroup;
			children = (
				9C9480C91B9BADB500A7864C /* MGMusicalGroupTableCell */,
				9C9480CA1B9BADDE00A7864C /* MGMusicalGroupCollectionCell */,
			);
			name = Cells;
			sourceTree = "<group>";
		};
		841D174A1B7C95C600285D05 /* Controllers */ = {
			isa = PBXGroup;
			children = (
				9C9480CC1B9BAE6D00A7864C /* MGContainerViewController */,
				9C9480CD1B9BAE9700A7864C /* MGMusicalGroupTableViewController */,
				9C9480CE1B9BAFB500A7864C /* MGCreateNewGroupViewController */,
			);
			name = Controllers;
			sourceTree = "<group>";
		};
		849C4D5A1B6CCBF000D16390 /* Images */ = {
			isa = PBXGroup;
			children = (
				841D17461B7C956D00285D05 /* theBeatles.jpg */,
				841D17471B7C956D00285D05 /* DDT.jpg */,
				849C4D5D1B6CCBF000D16390 /* BonJovi.jpg */,
				849C4D5E1B6CCBF000D16390 /* Queen.jpg */,
				849C4D5F1B6CCBF000D16390 /* Kino.jpg */,
				849C4D601B6CCBF000D16390 /* MashinaVremeni.jpg */,
				849C4D611B6CCBF000D16390 /* Nautilus.jpg */,
				849C4D621B6CCBF000D16390 /* OE.jpg */,
				849C4D631B6CCBF000D16390 /* PinkFloyd.jpg */,
				849C4D641B6CCBF000D16390 /* Scorpions.jpg */,
			);
			name = Images;
			path = images;
			sourceTree = "<group>";
		};
		9C9480C71B9BAC7300A7864C /* Application */ = {
			isa = PBXGroup;
			children = (
				840E59821B6BFBF4007ACB57 /* MGAppDelegate.h */,
				840E59831B6BFBF4007ACB57 /* MGAppDelegate.m */,
				9C9480CF1B9BB18600A7864C /* MusicalGroup.plist */,
			);
			name = Application;
			sourceTree = "<group>";
		};
		9C9480C81B9BAD0100A7864C /* Storyboard */ = {
			isa = PBXGroup;
			children = (
				840E59881B6BFBF4007ACB57 /* Main.storyboard */,
				840E598D1B6BFBF4007ACB57 /* LaunchScreen.xib */,
			);
			name = Storyboard;
			sourceTree = "<group>";
		};
		9C9480C91B9BADB500A7864C /* MGMusicalGroupTableCell */ = {
			isa = PBXGroup;
			children = (
				841D173C1B7C92F500285D05 /* MGMusicalGroupTableCell.h */,
				841D173D1B7C92F500285D05 /* MGMusicalGroupTableCell.m */,
				841D173E1B7C92F500285D05 /* MGMusicalGroupTableCell.xib */,
			);
			name = MGMusicalGroupTableCell;
			sourceTree = "<group>";
		};
		9C9480CA1B9BADDE00A7864C /* MGMusicalGroupCollectionCell */ = {
			isa = PBXGroup;
			children = (
				9C9480C21B9BA09200A7864C /* MGMusicalGroupCollectionCell.h */,
				9C9480C31B9BA09200A7864C /* MGMusicalGroupCollectionCell.m */,
				9C9480C41B9BA09200A7864C /* MGMusicalGroupCollectionCell.xib */,
			);
			name = MGMusicalGroupCollectionCell;
			sourceTree = "<group>";
		};
		9C9480CB1B9BAE3600A7864C /* MGMusicalGroupManager */ = {
			isa = PBXGroup;
			children = (
				841D17431B7C939C00285D05 /* MGMusicalGroupManager.h */,
				841D17441B7C939C00285D05 /* MGMusicalGroupManager.m */,
			);
			name = MGMusicalGroupManager;
			sourceTree = "<group>";
		};
		9C9480CC1B9BAE6D00A7864C /* MGContainerViewController */ = {
			isa = PBXGroup;
			children = (
				9C9480BC1B9B9DDC00A7864C /* MGContainerViewController.h */,
				9C9480BD1B9B9DDC00A7864C /* MGContainerViewController.m */,
			);
			name = MGContainerViewController;
			sourceTree = "<group>";
		};
		9C9480CD1B9BAE9700A7864C /* MGMusicalGroupTableViewController */ = {
			isa = PBXGroup;
			children = (
				840E59A41B6BFD5A007ACB57 /* MGMusicalGroupsViewController.h */,
				840E59A51B6BFD5A007ACB57 /* MGMusicalGroupsViewController.m */,
			);
			name = MGMusicalGroupTableViewController;
			sourceTree = "<group>";
		};
		9C9480CE1B9BAFB500A7864C /* MGCreateNewGroupViewController */ = {
			isa = PBXGroup;
			children = (
				9C9480BF1B9B9E2800A7864C /* MGCreateNewGroupViewController.h */,
				9C9480C01B9B9E2800A7864C /* MGCreateNewGroupViewController.m */,
			);
			name = MGCreateNewGroupViewController;
			sourceTree = "<group>";
		};
/* End PBXGroup section */

/* Begin PBXNativeTarget section */
		840E597A1B6BFBF4007ACB57 /* MusicalGroups */ = {
			isa = PBXNativeTarget;
			buildConfigurationList = 840E599E1B6BFBF4007ACB57 /* Build configuration list for PBXNativeTarget "MusicalGroups" */;
			buildPhases = (
				840E59771B6BFBF4007ACB57 /* Sources */,
				840E59781B6BFBF4007ACB57 /* Frameworks */,
				840E59791B6BFBF4007ACB57 /* Resources */,
			);
			buildRules = (
			);
			dependencies = (
			);
			name = MusicalGroups;
			productName = TableViewTest;
			productReference = 840E597B1B6BFBF4007ACB57 /* MusicalGroups.app */;
			productType = "com.apple.product-type.application";
		};
		840E59931B6BFBF4007ACB57 /* MusicalGroupsTests */ = {
			isa = PBXNativeTarget;
			buildConfigurationList = 840E59A11B6BFBF4007ACB57 /* Build configuration list for PBXNativeTarget "MusicalGroupsTests" */;
			buildPhases = (
				840E59901B6BFBF4007ACB57 /* Sources */,
				840E59911B6BFBF4007ACB57 /* Frameworks */,
				840E59921B6BFBF4007ACB57 /* Resources */,
			);
			buildRules = (
			);
			dependencies = (
				840E59961B6BFBF4007ACB57 /* PBXTargetDependency */,
				841D17421B7C937100285D05 /* PBXTargetDependency */,
			);
			name = MusicalGroupsTests;
			productName = TableViewTestTests;
			productReference = 840E59941B6BFBF4007ACB57 /* MusicalGroupsTests.xctest */;
			productType = "com.apple.product-type.bundle.unit-test";
		};
/* End PBXNativeTarget section */

/* Begin PBXProject section */
		840E59731B6BFBF4007ACB57 /* Project object */ = {
			isa = PBXProject;
			attributes = {
				LastUpgradeCheck = 0600;
				ORGANIZATIONNAME = "Roman Pochtaruk";
				TargetAttributes = {
					840E597A1B6BFBF4007ACB57 = {
						CreatedOnToolsVersion = 6.0.1;
					};
					840E59931B6BFBF4007ACB57 = {
						CreatedOnToolsVersion = 6.0.1;
						TestTargetID = 840E597A1B6BFBF4007ACB57;
					};
				};
			};
			buildConfigurationList = 840E59761B6BFBF4007ACB57 /* Build configuration list for PBXProject "MusicalGroups" */;
			compatibilityVersion = "Xcode 3.2";
			developmentRegion = English;
			hasScannedForEncodings = 0;
			knownRegions = (
				en,
				Base,
			);
			mainGroup = 840E59721B6BFBF4007ACB57;
			productRefGroup = 840E597C1B6BFBF4007ACB57 /* Products */;
			projectDirPath = "";
			projectRoot = "";
			targets = (
				840E597A1B6BFBF4007ACB57 /* MusicalGroups */,
				840E59931B6BFBF4007ACB57 /* MusicalGroupsTests */,
			);
		};
/* End PBXProject section */

/* Begin PBXResourcesBuildPhase section */
		840E59791B6BFBF4007ACB57 /* Resources */ = {
			isa = PBXResourcesBuildPhase;
			buildActionMask = 2147483647;
			files = (
				849C4D6E1B6CCBF000D16390 /* Scorpions.jpg in Resources */,
				849C4D6C1B6CCBF000D16390 /* OE.jpg in Resources */,
				9C9480C61B9BA09200A7864C /* MGMusicalGroupCollectionCell.xib in Resources */,
				849C4D6D1B6CCBF000D16390 /* PinkFloyd.jpg in Resources */,
				841D17481B7C956D00285D05 /* theBeatles.jpg in Resources */,
				841D174E1B7C964200285D05 /* TemplateIcon2x.png in Resources */,
				849C4D671B6CCBF000D16390 /* BonJovi.jpg in Resources */,
				9C9480D01B9BB18600A7864C /* MusicalGroup.plist in Resources */,
				849C4D6B1B6CCBF000D16390 /* Nautilus.jpg in Resources */,
				840E598A1B6BFBF4007ACB57 /* Main.storyboard in Resources */,
				849C4D691B6CCBF000D16390 /* Kino.jpg in Resources */,
				849C4D6A1B6CCBF000D16390 /* MashinaVremeni.jpg in Resources */,
				849C4D681B6CCBF000D16390 /* Queen.jpg in Resources */,
				841D174D1B7C964200285D05 /* .gitignore in Resources */,
				840E598F1B6BFBF4007ACB57 /* LaunchScreen.xib in Resources */,
				840E598C1B6BFBF4007ACB57 /* Images.xcassets in Resources */,
				841D17491B7C956D00285D05 /* DDT.jpg in Resources */,
				841D17401B7C92F500285D05 /* MGMusicalGroupTableCell.xib in Resources */,
			);
			runOnlyForDeploymentPostprocessing = 0;
		};
		840E59921B6BFBF4007ACB57 /* Resources */ = {
			isa = PBXResourcesBuildPhase;
			buildActionMask = 2147483647;
			files = (
			);
			runOnlyForDeploymentPostprocessing = 0;
		};
/* End PBXResourcesBuildPhase section */

/* Begin PBXSourcesBuildPhase section */
		840E59771B6BFBF4007ACB57 /* Sources */ = {
			isa = PBXSourcesBuildPhase;
			buildActionMask = 2147483647;
			files = (
				840E59841B6BFBF4007ACB57 /* MGAppDelegate.m in Sources */,
				9C9480C51B9BA09200A7864C /* MGMusicalGroupCollectionCell.m in Sources */,
				841D173F1B7C92F500285D05 /* MGMusicalGroupTableCell.m in Sources */,
				841D17451B7C939C00285D05 /* MGMusicalGroupManager.m in Sources */,
				840E59A61B6BFD5A007ACB57 /* MGMusicalGroupsViewController.m in Sources */,
				9C9480BE1B9B9DDC00A7864C /* MGContainerViewController.m in Sources */,
				840E59811B6BFBF4007ACB57 /* main.m in Sources */,
				840E59AC1B6C0C77007ACB57 /* MGMusicalGroup.m in Sources */,
				9C9480C11B9B9E2800A7864C /* MGCreateNewGroupViewController.m in Sources */,
			);
			runOnlyForDeploymentPostprocessing = 0;
		};
		840E59901B6BFBF4007ACB57 /* Sources */ = {
			isa = PBXSourcesBuildPhase;
			buildActionMask = 2147483647;
			files = (
				840E599B1B6BFBF4007ACB57 /* TableViewTestTests.m in Sources */,
			);
			runOnlyForDeploymentPostprocessing = 0;
		};
/* End PBXSourcesBuildPhase section */

/* Begin PBXTargetDependency section */
		840E59961B6BFBF4007ACB57 /* PBXTargetDependency */ = {
			isa = PBXTargetDependency;
			target = 840E597A1B6BFBF4007ACB57 /* MusicalGroups */;
			targetProxy = 840E59951B6BFBF4007ACB57 /* PBXContainerItemProxy */;
		};
		841D17421B7C937100285D05 /* PBXTargetDependency */ = {
			isa = PBXTargetDependency;
			target = 840E597A1B6BFBF4007ACB57 /* MusicalGroups */;
			targetProxy = 841D17411B7C937100285D05 /* PBXContainerItemProxy */;
		};
/* End PBXTargetDependency section */

/* Begin PBXVariantGroup section */
		840E59881B6BFBF4007ACB57 /* Main.storyboard */ = {
			isa = PBXVariantGroup;
			children = (
				840E59891B6BFBF4007ACB57 /* Base */,
			);
			name = Main.storyboard;
			sourceTree = "<group>";
		};
		840E598D1B6BFBF4007ACB57 /* LaunchScreen.xib */ = {
			isa = PBXVariantGroup;
			children = (
				840E598E1B6BFBF4007ACB57 /* Base */,
			);
			name = LaunchScreen.xib;
			sourceTree = "<group>";
		};
/* End PBXVariantGroup section */

/* Begin XCBuildConfiguration section */
		840E599C1B6BFBF4007ACB57 /* Debug */ = {
			isa = XCBuildConfiguration;
			buildSettings = {
				ALWAYS_SEARCH_USER_PATHS = NO;
				CLANG_CXX_LANGUAGE_STANDARD = "gnu++0x";
				CLANG_CXX_LIBRARY = "libc++";
				CLANG_ENABLE_MODULES = YES;
				CLANG_ENABLE_OBJC_ARC = YES;
				CLANG_WARN_BOOL_CONVERSION = YES;
				CLANG_WARN_CONSTANT_CONVERSION = YES;
				CLANG_WARN_DIRECT_OBJC_ISA_USAGE = YES_ERROR;
				CLANG_WARN_EMPTY_BODY = YES;
				CLANG_WARN_ENUM_CONVERSION = YES;
				CLANG_WARN_INT_CONVERSION = YES;
				CLANG_WARN_OBJC_ROOT_CLASS = YES_ERROR;
				CLANG_WARN_UNREACHABLE_CODE = YES;
				CLANG_WARN__DUPLICATE_METHOD_MATCH = YES;
				"CODE_SIGN_IDENTITY[sdk=iphoneos*]" = "iPhone Developer";
				COPY_PHASE_STRIP = NO;
				ENABLE_STRICT_OBJC_MSGSEND = YES;
				GCC_C_LANGUAGE_STANDARD = gnu99;
				GCC_DYNAMIC_NO_PIC = NO;
				GCC_OPTIMIZATION_LEVEL = 0;
				GCC_PREPROCESSOR_DEFINITIONS = (
					"DEBUG=1",
					"$(inherited)",
				);
				GCC_SYMBOLS_PRIVATE_EXTERN = NO;
				GCC_WARN_64_TO_32_BIT_CONVERSION = YES;
				GCC_WARN_ABOUT_RETURN_TYPE = YES_ERROR;
				GCC_WARN_UNDECLARED_SELECTOR = YES;
				GCC_WARN_UNINITIALIZED_AUTOS = YES_AGGRESSIVE;
				GCC_WARN_UNUSED_FUNCTION = YES;
				GCC_WARN_UNUSED_VARIABLE = YES;
				IPHONEOS_DEPLOYMENT_TARGET = 8.0;
				MTL_ENABLE_DEBUG_INFO = YES;
				ONLY_ACTIVE_ARCH = YES;
				SDKROOT = iphoneos;
			};
			name = Debug;
		};
		840E599D1B6BFBF4007ACB57 /* Release */ = {
			isa = XCBuildConfiguration;
			buildSettings = {
				ALWAYS_SEARCH_USER_PATHS = NO;
				CLANG_CXX_LANGUAGE_STANDARD = "gnu++0x";
				CLANG_CXX_LIBRARY = "libc++";
				CLANG_ENABLE_MODULES = YES;
				CLANG_ENABLE_OBJC_ARC = YES;
				CLANG_WARN_BOOL_CONVERSION = YES;
				CLANG_WARN_CONSTANT_CONVERSION = YES;
				CLANG_WARN_DIRECT_OBJC_ISA_USAGE = YES_ERROR;
				CLANG_WARN_EMPTY_BODY = YES;
				CLANG_WARN_ENUM_CONVERSION = YES;
				CLANG_WARN_INT_CONVERSION = YES;
				CLANG_WARN_OBJC_ROOT_CLASS = YES_ERROR;
				CLANG_WARN_UNREACHABLE_CODE = YES;
				CLANG_WARN__DUPLICATE_METHOD_MATCH = YES;
				"CODE_SIGN_IDENTITY[sdk=iphoneos*]" = "iPhone Developer";
				COPY_PHASE_STRIP = YES;
				ENABLE_NS_ASSERTIONS = NO;
				ENABLE_STRICT_OBJC_MSGSEND = YES;
				GCC_C_LANGUAGE_STANDARD = gnu99;
				GCC_WARN_64_TO_32_BIT_CONVERSION = YES;
				GCC_WARN_ABOUT_RETURN_TYPE = YES_ERROR;
				GCC_WARN_UNDECLARED_SELECTOR = YES;
				GCC_WARN_UNINITIALIZED_AUTOS = YES_AGGRESSIVE;
				GCC_WARN_UNUSED_FUNCTION = YES;
				GCC_WARN_UNUSED_VARIABLE = YES;
				IPHONEOS_DEPLOYMENT_TARGET = 8.0;
				MTL_ENABLE_DEBUG_INFO = NO;
				SDKROOT = iphoneos;
				VALIDATE_PRODUCT = YES;
			};
			name = Release;
		};
		840E599F1B6BFBF4007ACB57 /* Debug */ = {
			isa = XCBuildConfiguration;
			buildSettings = {
				ASSETCATALOG_COMPILER_APPICON_NAME = AppIcon;
				INFOPLIST_FILE = TableViewTest/Info.plist;
				IPHONEOS_DEPLOYMENT_TARGET = 8.0;
				LD_RUNPATH_SEARCH_PATHS = "$(inherited) @executable_path/Frameworks";
				PRODUCT_NAME = MusicalGroups;
			};
			name = Debug;
		};
		840E59A01B6BFBF4007ACB57 /* Release */ = {
			isa = XCBuildConfiguration;
			buildSettings = {
				ASSETCATALOG_COMPILER_APPICON_NAME = AppIcon;
				INFOPLIST_FILE = TableViewTest/Info.plist;
				IPHONEOS_DEPLOYMENT_TARGET = 8.0;
				LD_RUNPATH_SEARCH_PATHS = "$(inherited) @executable_path/Frameworks";
				PRODUCT_NAME = MusicalGroups;
			};
			name = Release;
		};
		840E59A21B6BFBF4007ACB57 /* Debug */ = {
			isa = XCBuildConfiguration;
			buildSettings = {
				BUNDLE_LOADER = "$(TEST_HOST)";
				FRAMEWORK_SEARCH_PATHS = (
					"$(SDKROOT)/Developer/Library/Frameworks",
					"$(inherited)",
				);
				GCC_PREPROCESSOR_DEFINITIONS = (
					"DEBUG=1",
					"$(inherited)",
				);
				INFOPLIST_FILE = TableViewTestTests/Info.plist;
				LD_RUNPATH_SEARCH_PATHS = "$(inherited) @executable_path/Frameworks @loader_path/Frameworks";
				PRODUCT_NAME = MusicalGroupsTests;
				TEST_HOST = "$(BUILT_PRODUCTS_DIR)/MusicalGroups.app/MusicalGroups";
			};
			name = Debug;
		};
		840E59A31B6BFBF4007ACB57 /* Release */ = {
			isa = XCBuildConfiguration;
			buildSettings = {
				BUNDLE_LOADER = "$(TEST_HOST)";
				FRAMEWORK_SEARCH_PATHS = (
					"$(SDKROOT)/Developer/Library/Frameworks",
					"$(inherited)",
				);
				INFOPLIST_FILE = TableViewTestTests/Info.plist;
				LD_RUNPATH_SEARCH_PATHS = "$(inherited) @executable_path/Frameworks @loader_path/Frameworks";
				PRODUCT_NAME = MusicalGroupsTests;
				TEST_HOST = "$(BUILT_PRODUCTS_DIR)/MusicalGroups.app/MusicalGroups";
			};
			name = Release;
		};
/* End XCBuildConfiguration section */

/* Begin XCConfigurationList section */
		840E59761B6BFBF4007ACB57 /* Build configuration list for PBXProject "MusicalGroups" */ = {
			isa = XCConfigurationList;
			buildConfigurations = (
				840E599C1B6BFBF4007ACB57 /* Debug */,
				840E599D1B6BFBF4007ACB57 /* Release */,
			);
			defaultConfigurationIsVisible = 0;
			defaultConfigurationName = Release;
		};
		840E599E1B6BFBF4007ACB57 /* Build configuration list for PBXNativeTarget "MusicalGroups" */ = {
			isa = XCConfigurationList;
			buildConfigurations = (
				840E599F1B6BFBF4007ACB57 /* Debug */,
				840E59A01B6BFBF4007ACB57 /* Release */,
			);
			defaultConfigurationIsVisible = 0;
			defaultConfigurationName = Release;
		};
		840E59A11B6BFBF4007ACB57 /* Build configuration list for PBXNativeTarget "MusicalGroupsTests" */ = {
			isa = XCConfigurationList;
			buildConfigurations = (
				840E59A21B6BFBF4007ACB57 /* Debug */,
				840E59A31B6BFBF4007ACB57 /* Release */,
			);
			defaultConfigurationIsVisible = 0;
			defaultConfigurationName = Release;
		};
/* End XCConfigurationList section */
	};
	rootObject = 840E59731B6BFBF4007ACB57 /* Project object */;
}
